
Microsoft Visual Studio Solution File, Format Version 12.00
# Visual Studio Version 16
VisualStudioVersion = 16.0.30114.105
MinimumVisualStudioVersion = 10.0.40219.1
Project("{FAE04EC0-301F-11D3-BF4B-00C04F79EFBC}") = "project001", "project001.csproj", "{073DB0CD-0619-4800-8A4B-84C316B6E1BB}"
EndProject
Global
	GlobalSection(SolutionConfigurationPlatforms) = preSolution
		Debug|Any CPU = Debug|Any CPU
		Release|Any CPU = Release|Any CPU
	EndGlobalSection
	GlobalSection(ProjectConfigurationPlatforms) = postSolution
		{073DB0CD-0619-4800-8A4B-84C316B6E1BB}.Debug|Any CPU.ActiveCfg = Debug|Any CPU
		{073DB0CD-0619-4800-8A4B-84C316B6E1BB}.Debug|Any CPU.Build.0 = Debug|Any CPU
		{073DB0CD-0619-4800-8A4B-84C316B6E1BB}.Release|Any CPU.ActiveCfg = Release|Any CPU
		{073DB0CD-0619-4800-8A4B-84C316B6E1BB}.Release|Any CPU.Build.0 = Release|Any CPU
	EndGlobalSection
	GlobalSection(SolutionProperties) = preSolution
		HideSolutionNode = FALSE
	EndGlobalSection
	GlobalSection(ExtensibilityGlobals) = postSolution
		SolutionGuid = {1F6916D9-4E13-4F9A-BEE8-D9F6BE0190E7}
	EndGlobalSection
EndGlobal
